
Microsoft Visual Studio Solution File, Format Version 12.00
# Visual Studio 14
VisualStudioVersion = 14.0.25420.1
MinimumVisualStudioVersion = 10.0.40219.1
Project("{2150E333-8FDC-42A3-9474-1A3956D46DE8}") = "Commands", "Commands", "{0B6C0F62-5411-4AA0-BC2F-A9E12C81E3A9}"
EndProject
Project("{FAE04EC0-301F-11D3-BF4B-00C04F79EFBC}") = "Meetup.Commands.Contracts", "Meetup.Commands.Contracts\Meetup.Commands.Contracts.csproj", "{32F8A0F8-28AB-4B2C-AD2C-2A7D231C4738}"
EndProject
Project("{FAE04EC0-301F-11D3-BF4B-00C04F79EFBC}") = "Meetup.Commands.Sender", "Meetup.Commands.Sender\Meetup.Commands.Sender.csproj", "{DDBD4B23-8D29-4C94-8462-0154517A78A3}"
EndProject
Project("{FAE04EC0-301F-11D3-BF4B-00C04F79EFBC}") = "Meetup.Commands.Consumer", "Meetup.Commands.Consumer\Meetup.Commands.Consumer.csproj", "{5D38FC0D-9076-444E-8B60-E1710DE72715}"
EndProject
Project("{2150E333-8FDC-42A3-9474-1A3956D46DE8}") = "1-HelloWorld", "1-HelloWorld", "{1BB33390-2957-4E80-BF7C-1D945D0515E8}"
EndProject
Project("{FAE04EC0-301F-11D3-BF4B-00C04F79EFBC}") = "Meetup.PubSub.ConsumerA", "Meetup.PubSub.ConsumerA\Meetup.PubSub.ConsumerA.csproj", "{586C3B5D-73B2-49D0-AF7C-71B05082B8D8}"
EndProject
Project("{FAE04EC0-301F-11D3-BF4B-00C04F79EFBC}") = "Meetup.PubSub.Messages", "Meetup.PubSub.Messages\Meetup.PubSub.Messages.csproj", "{C46D5DC5-A748-4C34-8FBA-9345ACDC0ED5}"
EndProject
Project("{FAE04EC0-301F-11D3-BF4B-00C04F79EFBC}") = "Meetup.PubSub.Sender", "Meetup.PubSub.Sender\Meetup.PubSub.Sender.csproj", "{D64B22D3-22DC-4A1E-A9B5-D7D991CAE111}"
EndProject
Project("{2150E333-8FDC-42A3-9474-1A3956D46DE8}") = "3-Errors", "3-Errors", "{E75D71CD-1C65-49D9-8379-09653C002A36}"
EndProject
Project("{FAE04EC0-301F-11D3-BF4B-00C04F79EFBC}") = "Meetup.Errors.Producer", "Meetup.Errors.Producer\Meetup.Errors.Producer.csproj", "{EE2C5436-7AE5-469D-BF4C-25F4EF50F6A6}"
EndProject
Project("{FAE04EC0-301F-11D3-BF4B-00C04F79EFBC}") = "Meetup.Errors.Contracts", "Meetup.Errors.Contracts\Meetup.Errors.Contracts.csproj", "{9B8F2B4E-EFF7-487D-8B3D-82B3C852591C}"
EndProject
Project("{FAE04EC0-301F-11D3-BF4B-00C04F79EFBC}") = "Meetup.Errors.ServiceCaller", "Meetup.Errors.ServiceCaller\Meetup.Errors.ServiceCaller.csproj", "{A2A942E7-85FD-40BF-A48C-481D0C3FD49C}"
EndProject
Project("{2150E333-8FDC-42A3-9474-1A3956D46DE8}") = "4-Sagas", "4-Sagas", "{B9B8832C-95E5-4C6F-8E8C-7D7BA375424C}"
EndProject
Project("{8BB2217D-0F2D-49D1-97BC-3654ED321F3B}") = "Meetup.Sagas.FrontEnd", "Meetup.Sagas.FrontEnd\Meetup.Sagas.FrontEnd.xproj", "{658D4E53-B0E9-4726-B29F-D11444F54C23}"
EndProject
Project("{FAE04EC0-301F-11D3-BF4B-00C04F79EFBC}") = "Meetup.Sagas.Contracts", "Meetup.Sagas.Contracts\Meetup.Sagas.Contracts.csproj", "{E3690C7B-9036-4339-8128-4E105D3E9ACD}"
EndProject
Project("{FAE04EC0-301F-11D3-BF4B-00C04F79EFBC}") = "Meetup.Sagas.BackendCartService", "Meetup.Sagas.BackendCartService\Meetup.Sagas.BackendCartService.csproj", "{57258402-3B34-4FDE-807F-728F787465C7}"
EndProject
Project("{8BB2217D-0F2D-49D1-97BC-3654ED321F3B}") = "Meetup.Errors.FaultyService", "Meetup.Errors.FaultyService\Meetup.Errors.FaultyService.xproj", "{EFCB32BC-B276-49C3-842F-0B8B21318858}"
EndProject
Project("{FAE04EC0-301F-11D3-BF4B-00C04F79EFBC}") = "Meetup.PubSub.ConsumerB", "Meetup.PubSub.ConsumerB\Meetup.PubSub.ConsumerB.csproj", "{E856FF1D-747B-49AE-BC6D-4D1E28163F26}"
EndProject
Project("{2150E333-8FDC-42A3-9474-1A3956D46DE8}") = "5-Courier", "5-Courier", "{F997C2A3-9AB3-4584-AF01-F6439BB3F187}"
EndProject
Global
	GlobalSection(SolutionConfigurationPlatforms) = preSolution
		Debug|Any CPU = Debug|Any CPU
		Release|Any CPU = Release|Any CPU
	EndGlobalSection
	GlobalSection(ProjectConfigurationPlatforms) = postSolution
		{32F8A0F8-28AB-4B2C-AD2C-2A7D231C4738}.Debug|Any CPU.ActiveCfg = Debug|Any CPU
		{32F8A0F8-28AB-4B2C-AD2C-2A7D231C4738}.Debug|Any CPU.Build.0 = Debug|Any CPU
		{32F8A0F8-28AB-4B2C-AD2C-2A7D231C4738}.Release|Any CPU.ActiveCfg = Release|Any CPU
		{32F8A0F8-28AB-4B2C-AD2C-2A7D231C4738}.Release|Any CPU.Build.0 = Release|Any CPU
		{DDBD4B23-8D29-4C94-8462-0154517A78A3}.Debug|Any CPU.ActiveCfg = Debug|Any CPU
		{DDBD4B23-8D29-4C94-8462-0154517A78A3}.Debug|Any CPU.Build.0 = Debug|Any CPU
		{DDBD4B23-8D29-4C94-8462-0154517A78A3}.Release|Any CPU.ActiveCfg = Release|Any CPU
		{DDBD4B23-8D29-4C94-8462-0154517A78A3}.Release|Any CPU.Build.0 = Release|Any CPU
		{5D38FC0D-9076-444E-8B60-E1710DE72715}.Debug|Any CPU.ActiveCfg = Debug|Any CPU
		{5D38FC0D-9076-444E-8B60-E1710DE72715}.Debug|Any CPU.Build.0 = Debug|Any CPU
		{5D38FC0D-9076-444E-8B60-E1710DE72715}.Release|Any CPU.ActiveCfg = Release|Any CPU
		{5D38FC0D-9076-444E-8B60-E1710DE72715}.Release|Any CPU.Build.0 = Release|Any CPU
		{586C3B5D-73B2-49D0-AF7C-71B05082B8D8}.Debug|Any CPU.ActiveCfg = Debug|Any CPU
		{586C3B5D-73B2-49D0-AF7C-71B05082B8D8}.Debug|Any CPU.Build.0 = Debug|Any CPU
		{586C3B5D-73B2-49D0-AF7C-71B05082B8D8}.Release|Any CPU.ActiveCfg = Release|Any CPU
		{586C3B5D-73B2-49D0-AF7C-71B05082B8D8}.Release|Any CPU.Build.0 = Release|Any CPU
		{C46D5DC5-A748-4C34-8FBA-9345ACDC0ED5}.Debug|Any CPU.ActiveCfg = Debug|Any CPU
		{C46D5DC5-A748-4C34-8FBA-9345ACDC0ED5}.Debug|Any CPU.Build.0 = Debug|Any CPU
		{C46D5DC5-A748-4C34-8FBA-9345ACDC0ED5}.Release|Any CPU.ActiveCfg = Release|Any CPU
		{C46D5DC5-A748-4C34-8FBA-9345ACDC0ED5}.Release|Any CPU.Build.0 = Release|Any CPU
		{D64B22D3-22DC-4A1E-A9B5-D7D991CAE111}.Debug|Any CPU.ActiveCfg = Debug|Any CPU
		{D64B22D3-22DC-4A1E-A9B5-D7D991CAE111}.Debug|Any CPU.Build.0 = Debug|Any CPU
		{D64B22D3-22DC-4A1E-A9B5-D7D991CAE111}.Release|Any CPU.ActiveCfg = Release|Any CPU
		{D64B22D3-22DC-4A1E-A9B5-D7D991CAE111}.Release|Any CPU.Build.0 = Release|Any CPU
		{EE2C5436-7AE5-469D-BF4C-25F4EF50F6A6}.Debug|Any CPU.ActiveCfg = Debug|Any CPU
		{EE2C5436-7AE5-469D-BF4C-25F4EF50F6A6}.Debug|Any CPU.Build.0 = Debug|Any CPU
		{EE2C5436-7AE5-469D-BF4C-25F4EF50F6A6}.Release|Any CPU.ActiveCfg = Release|Any CPU
		{EE2C5436-7AE5-469D-BF4C-25F4EF50F6A6}.Release|Any CPU.Build.0 = Release|Any CPU
		{9B8F2B4E-EFF7-487D-8B3D-82B3C852591C}.Debug|Any CPU.ActiveCfg = Debug|Any CPU
		{9B8F2B4E-EFF7-487D-8B3D-82B3C852591C}.Debug|Any CPU.Build.0 = Debug|Any CPU
		{9B8F2B4E-EFF7-487D-8B3D-82B3C852591C}.Release|Any CPU.ActiveCfg = Release|Any CPU
		{9B8F2B4E-EFF7-487D-8B3D-82B3C852591C}.Release|Any CPU.Build.0 = Release|Any CPU
		{A2A942E7-85FD-40BF-A48C-481D0C3FD49C}.Debug|Any CPU.ActiveCfg = Debug|Any CPU
		{A2A942E7-85FD-40BF-A48C-481D0C3FD49C}.Debug|Any CPU.Build.0 = Debug|Any CPU
		{A2A942E7-85FD-40BF-A48C-481D0C3FD49C}.Release|Any CPU.ActiveCfg = Release|Any CPU
		{A2A942E7-85FD-40BF-A48C-481D0C3FD49C}.Release|Any CPU.Build.0 = Release|Any CPU
		{658D4E53-B0E9-4726-B29F-D11444F54C23}.Debug|Any CPU.ActiveCfg = Debug|Any CPU
		{658D4E53-B0E9-4726-B29F-D11444F54C23}.Debug|Any CPU.Build.0 = Debug|Any CPU
		{658D4E53-B0E9-4726-B29F-D11444F54C23}.Release|Any CPU.ActiveCfg = Release|Any CPU
		{658D4E53-B0E9-4726-B29F-D11444F54C23}.Release|Any CPU.Build.0 = Release|Any CPU
		{E3690C7B-9036-4339-8128-4E105D3E9ACD}.Debug|Any CPU.ActiveCfg = Debug|Any CPU
		{E3690C7B-9036-4339-8128-4E105D3E9ACD}.Debug|Any CPU.Build.0 = Debug|Any CPU
		{E3690C7B-9036-4339-8128-4E105D3E9ACD}.Release|Any CPU.ActiveCfg = Release|Any CPU
		{E3690C7B-9036-4339-8128-4E105D3E9ACD}.Release|Any CPU.Build.0 = Release|Any CPU
		{57258402-3B34-4FDE-807F-728F787465C7}.Debug|Any CPU.ActiveCfg = Debug|Any CPU
		{57258402-3B34-4FDE-807F-728F787465C7}.Debug|Any CPU.Build.0 = Debug|Any CPU
		{57258402-3B34-4FDE-807F-728F787465C7}.Release|Any CPU.ActiveCfg = Release|Any CPU
		{57258402-3B34-4FDE-807F-728F787465C7}.Release|Any CPU.Build.0 = Release|Any CPU
		{EFCB32BC-B276-49C3-842F-0B8B21318858}.Debug|Any CPU.ActiveCfg = Debug|Any CPU
		{EFCB32BC-B276-49C3-842F-0B8B21318858}.Debug|Any CPU.Build.0 = Debug|Any CPU
		{EFCB32BC-B276-49C3-842F-0B8B21318858}.Release|Any CPU.ActiveCfg = Release|Any CPU
		{EFCB32BC-B276-49C3-842F-0B8B21318858}.Release|Any CPU.Build.0 = Release|Any CPU
		{E856FF1D-747B-49AE-BC6D-4D1E28163F26}.Debug|Any CPU.ActiveCfg = Debug|Any CPU
		{E856FF1D-747B-49AE-BC6D-4D1E28163F26}.Debug|Any CPU.Build.0 = Debug|Any CPU
		{E856FF1D-747B-49AE-BC6D-4D1E28163F26}.Release|Any CPU.ActiveCfg = Release|Any CPU
		{E856FF1D-747B-49AE-BC6D-4D1E28163F26}.Release|Any CPU.Build.0 = Release|Any CPU
	EndGlobalSection
	GlobalSection(SolutionProperties) = preSolution
		HideSolutionNode = FALSE
	EndGlobalSection
	GlobalSection(NestedProjects) = preSolution
		{32F8A0F8-28AB-4B2C-AD2C-2A7D231C4738} = {0B6C0F62-5411-4AA0-BC2F-A9E12C81E3A9}
		{DDBD4B23-8D29-4C94-8462-0154517A78A3} = {0B6C0F62-5411-4AA0-BC2F-A9E12C81E3A9}
		{5D38FC0D-9076-444E-8B60-E1710DE72715} = {0B6C0F62-5411-4AA0-BC2F-A9E12C81E3A9}
		{586C3B5D-73B2-49D0-AF7C-71B05082B8D8} = {1BB33390-2957-4E80-BF7C-1D945D0515E8}
		{C46D5DC5-A748-4C34-8FBA-9345ACDC0ED5} = {1BB33390-2957-4E80-BF7C-1D945D0515E8}
		{D64B22D3-22DC-4A1E-A9B5-D7D991CAE111} = {1BB33390-2957-4E80-BF7C-1D945D0515E8}
		{EE2C5436-7AE5-469D-BF4C-25F4EF50F6A6} = {E75D71CD-1C65-49D9-8379-09653C002A36}
		{9B8F2B4E-EFF7-487D-8B3D-82B3C852591C} = {E75D71CD-1C65-49D9-8379-09653C002A36}
		{A2A942E7-85FD-40BF-A48C-481D0C3FD49C} = {E75D71CD-1C65-49D9-8379-09653C002A36}
		{658D4E53-B0E9-4726-B29F-D11444F54C23} = {B9B8832C-95E5-4C6F-8E8C-7D7BA375424C}
		{E3690C7B-9036-4339-8128-4E105D3E9ACD} = {B9B8832C-95E5-4C6F-8E8C-7D7BA375424C}
		{57258402-3B34-4FDE-807F-728F787465C7} = {B9B8832C-95E5-4C6F-8E8C-7D7BA375424C}
		{EFCB32BC-B276-49C3-842F-0B8B21318858} = {E75D71CD-1C65-49D9-8379-09653C002A36}
		{E856FF1D-747B-49AE-BC6D-4D1E28163F26} = {1BB33390-2957-4E80-BF7C-1D945D0515E8}
	EndGlobalSection
EndGlobal
